// !$*UTF8*$!
{
	archiveVersion = 1;
	classes = {
	};
	objectVersion = 56;
	objects = {

/* Begin PBXBuildFile section */
		23DBE688CC5C6958913478A7 /* Pods_5homework3m.framework in Frameworks */ = {isa = PBXBuildFile; fileRef = BA620805DA8FE2F37D7D403F /* Pods_5homework3m.framework */; };
		9A5D445C29C8E6F400A8F844 /* AppDelegate.swift in Sources */ = {isa = PBXBuildFile; fileRef = 9A5D445B29C8E6F400A8F844 /* AppDelegate.swift */; };
		9A5D445E29C8E6F400A8F844 /* SceneDelegate.swift in Sources */ = {isa = PBXBuildFile; fileRef = 9A5D445D29C8E6F400A8F844 /* SceneDelegate.swift */; };
		9A5D446029C8E6F400A8F844 /* ViewController.swift in Sources */ = {isa = PBXBuildFile; fileRef = 9A5D445F29C8E6F400A8F844 /* ViewController.swift */; };
		9A5D446329C8E6F400A8F844 /* Main.storyboard in Resources */ = {isa = PBXBuildFile; fileRef = 9A5D446129C8E6F400A8F844 /* Main.storyboard */; };
		9A5D446529C8E6F500A8F844 /* Assets.xcassets in Resources */ = {isa = PBXBuildFile; fileRef = 9A5D446429C8E6F500A8F844 /* Assets.xcassets */; };
		9A5D446829C8E6F500A8F844 /* LaunchScreen.storyboard in Resources */ = {isa = PBXBuildFile; fileRef = 9A5D446629C8E6F500A8F844 /* LaunchScreen.storyboard */; };
/* End PBXBuildFile section */

/* Begin PBXFileReference section */
		7D72FDA4A38036ECA68EACFE /* Pods-5homework3m.release.xcconfig */ = {isa = PBXFileReference; includeInIndex = 1; lastKnownFileType = text.xcconfig; name = "Pods-5homework3m.release.xcconfig"; path = "Target Support Files/Pods-5homework3m/Pods-5homework3m.release.xcconfig"; sourceTree = "<group>"; };
		9A5D445829C8E6F400A8F844 /* 5homework3m.app */ = {isa = PBXFileReference; explicitFileType = wrapper.application; includeInIndex = 0; path = 5homework3m.app; sourceTree = BUILT_PRODUCTS_DIR; };
		9A5D445B29C8E6F400A8F844 /* AppDelegate.swift */ = {isa = PBXFileReference; lastKnownFileType = sourcecode.swift; path = AppDelegate.swift; sourceTree = "<group>"; };
		9A5D445D29C8E6F400A8F844 /* SceneDelegate.swift */ = {isa = PBXFileReference; lastKnownFileType = sourcecode.swift; path = SceneDelegate.swift; sourceTree = "<group>"; };
		9A5D445F29C8E6F400A8F844 /* ViewController.swift */ = {isa = PBXFileReference; lastKnownFileType = sourcecode.swift; path = ViewController.swift; sourceTree = "<group>"; };
		9A5D446229C8E6F400A8F844 /* Base */ = {isa = PBXFileReference; lastKnownFileType = file.storyboard; name = Base; path = Base.lproj/Main.storyboard; sourceTree = "<group>"; };
		9A5D446429C8E6F500A8F844 /* Assets.xcassets */ = {isa = PBXFileReference; lastKnownFileType = folder.assetcatalog; path = Assets.xcassets; sourceTree = "<group>"; };
		9A5D446729C8E6F500A8F844 /* Base */ = {isa = PBXFileReference; lastKnownFileType = file.storyboard; name = Base; path = Base.lproj/LaunchScreen.storyboard; sourceTree = "<group>"; };
		9A5D446929C8E6F500A8F844 /* Info.plist */ = {isa = PBXFileReference; lastKnownFileType = text.plist.xml; path = Info.plist; sourceTree = "<group>"; };
		B09F945D636A67FE047EB11C /* Pods-5homework3m.debug.xcconfig */ = {isa = PBXFileReference; includeInIndex = 1; lastKnownFileType = text.xcconfig; name = "Pods-5homework3m.debug.xcconfig"; path = "Target Support Files/Pods-5homework3m/Pods-5homework3m.debug.xcconfig"; sourceTree = "<group>"; };
		BA620805DA8FE2F37D7D403F /* Pods_5homework3m.framework */ = {isa = PBXFileReference; explicitFileType = wrapper.framework; includeInIndex = 0; path = Pods_5homework3m.framework; sourceTree = BUILT_PRODUCTS_DIR; };
/* End PBXFileReference section */

/* Begin PBXFrameworksBuildPhase section */
		9A5D445529C8E6F400A8F844 /* Frameworks */ = {
			isa = PBXFrameworksBuildPhase;
			buildActionMask = 2147483647;
			files = (
				23DBE688CC5C6958913478A7 /* Pods_5homework3m.framework in Frameworks */,
			);
			runOnlyForDeploymentPostprocessing = 0;
		};
/* End PBXFrameworksBuildPhase section */

/* Begin PBXGroup section */
		42D098E9C4B50262A15ACA63 /* Frameworks */ = {
			isa = PBXGroup;
			children = (
				BA620805DA8FE2F37D7D403F /* Pods_5homework3m.framework */,
			);
			name = Frameworks;
			sourceTree = "<group>";
		};
		9A5D444F29C8E6F400A8F844 = {
			isa = PBXGroup;
			children = (
				9A5D445A29C8E6F400A8F844 /* 5homework3m */,
				9A5D445929C8E6F400A8F844 /* Products */,
				C344233E22E42916E2FD3D6A /* Pods */,
				42D098E9C4B50262A15ACA63 /* Frameworks */,
			);
			sourceTree = "<group>";
		};
		9A5D445929C8E6F400A8F844 /* Products */ = {
			isa = PBXGroup;
			children = (
				9A5D445829C8E6F400A8F844 /* 5homework3m.app */,
			);
			name = Products;
			sourceTree = "<group>";
		};
		9A5D445A29C8E6F400A8F844 /* 5homework3m */ = {
			isa = PBXGroup;
			children = (
				9A5D445B29C8E6F400A8F844 /* AppDelegate.swift */,
				9A5D445D29C8E6F400A8F844 /* SceneDelegate.swift */,
				9A5D445F29C8E6F400A8F844 /* ViewController.swift */,
				9A5D446129C8E6F400A8F844 /* Main.storyboard */,
				9A5D446429C8E6F500A8F844 /* Assets.xcassets */,
				9A5D446629C8E6F500A8F844 /* LaunchScreen.storyboard */,
				9A5D446929C8E6F500A8F844 /* Info.plist */,
			);
			path = 5homework3m;
			sourceTree = "<group>";
		};
		C344233E22E42916E2FD3D6A /* Pods */ = {
			isa = PBXGroup;
			children = (
				B09F945D636A67FE047EB11C /* Pods-5homework3m.debug.xcconfig */,
				7D72FDA4A38036ECA68EACFE /* Pods-5homework3m.release.xcconfig */,
			);
			name = Pods;
			path = Pods;
			sourceTree = "<group>";
		};
/* End PBXGroup section */

/* Begin PBXNativeTarget section */
		9A5D445729C8E6F400A8F844 /* 5homework3m */ = {
			isa = PBXNativeTarget;
			buildConfigurationList = 9A5D446C29C8E6F500A8F844 /* Build configuration list for PBXNativeTarget "5homework3m" */;
			buildPhases = (
				9DF1270428AF8A2FE12BA6A4 /* [CP] Check Pods Manifest.lock */,
				9A5D445429C8E6F400A8F844 /* Sources */,
				9A5D445529C8E6F400A8F844 /* Frameworks */,
				9A5D445629C8E6F400A8F844 /* Resources */,
				2328679B9E52639C77BC480E /* [CP] Embed Pods Frameworks */,
			);
			buildRules = (
			);
			dependencies = (
			);
			name = 5homework3m;
			productName = 5homework3m;
			productReference = 9A5D445829C8E6F400A8F844 /* 5homework3m.app */;
			productType = "com.apple.product-type.application";
		};
/* End PBXNativeTarget section */

/* Begin PBXProject section */
		9A5D445029C8E6F400A8F844 /* Project object */ = {
			isa = PBXProject;
			attributes = {
				BuildIndependentTargetsInParallel = 1;
				LastSwiftUpdateCheck = 1420;
				LastUpgradeCheck = 1420;
				TargetAttributes = {
					9A5D445729C8E6F400A8F844 = {
						CreatedOnToolsVersion = 14.2;
					};
				};
			};
			buildConfigurationList = 9A5D445329C8E6F400A8F844 /* Build configuration list for PBXProject "5homework3m" */;
			compatibilityVersion = "Xcode 14.0";
			developmentRegion = en;
			hasScannedForEncodings = 0;
			knownRegions = (
				en,
				Base,
			);
			mainGroup = 9A5D444F29C8E6F400A8F844;
			productRefGroup = 9A5D445929C8E6F400A8F844 /* Products */;
			projectDirPath = "";
			projectRoot = "";
			targets = (
				9A5D445729C8E6F400A8F844 /* 5homework3m */,
			);
		};
/* End PBXProject section */

/* Begin PBXResourcesBuildPhase section */
		9A5D445629C8E6F400A8F844 /* Resources */ = {
			isa = PBXResourcesBuildPhase;
			buildActionMask = 2147483647;
			files = (
				9A5D446829C8E6F500A8F844 /* LaunchScreen.storyboard in Resources */,
				9A5D446529C8E6F500A8F844 /* Assets.xcassets in Resources */,
				9A5D446329C8E6F400A8F844 /* Main.storyboard in Resources */,
			);
			runOnlyForDeploymentPostprocessing = 0;
		};
/* End PBXResourcesBuildPhase section */

/* Begin PBXShellScriptBuildPhase section */
		2328679B9E52639C77BC480E /* [CP] Embed Pods Frameworks */ = {
			isa = PBXShellScriptBuildPhase;
			buildActionMask = 2147483647;
			files = (
			);
			inputFileListPaths = (
				"${PODS_ROOT}/Target Support Files/Pods-5homework3m/Pods-5homework3m-frameworks-${CONFIGURATION}-input-files.xcfilelist",
			);
			name = "[CP] Embed Pods Frameworks";
			outputFileListPaths = (
				"${PODS_ROOT}/Target Support Files/Pods-5homework3m/Pods-5homework3m-frameworks-${CONFIGURATION}-output-files.xcfilelist",
			);
			runOnlyForDeploymentPostprocessing = 0;
			shellPath = /bin/sh;
			shellScript = "\"${PODS_ROOT}/Target Support Files/Pods-5homework3m/Pods-5homework3m-frameworks.sh\"\n";
			showEnvVarsInLog = 0;
		};
		9DF1270428AF8A2FE12BA6A4 /* [CP] Check Pods Manifest.lock */ = {
			isa = PBXShellScriptBuildPhase;
			buildActionMask = 2147483647;
			files = (
			);
			inputFileListPaths = (
			);
			inputPaths = (
				"${PODS_PODFILE_DIR_PATH}/Podfile.lock",
				"${PODS_ROOT}/Manifest.lock",
			);
			name = "[CP] Check Pods Manifest.lock";
			outputFileListPaths = (
			);
			outputPaths = (
				"$(DERIVED_FILE_DIR)/Pods-5homework3m-checkManifestLockResult.txt",
			);
			runOnlyForDeploymentPostprocessing = 0;
			shellPath = /bin/sh;
			shellScript = "diff \"${PODS_PODFILE_DIR_PATH}/Podfile.lock\" \"${PODS_ROOT}/Manifest.lock\" > /dev/null\nif [ $? != 0 ] ; then\n    # print error to STDERR\n    echo \"error: The sandbox is not in sync with the Podfile.lock. Run 'pod install' or update your CocoaPods installation.\" >&2\n    exit 1\nfi\n# This output is used by Xcode 'outputs' to avoid re-running this script phase.\necho \"SUCCESS\" > \"${SCRIPT_OUTPUT_FILE_0}\"\n";
			showEnvVarsInLog = 0;
		};
/* End PBXShellScriptBuildPhase section */

/* Begin PBXSourcesBuildPhase section */
		9A5D445429C8E6F400A8F844 /* Sources */ = {
			isa = PBXSourcesBuildPhase;
			buildActionMask = 2147483647;
			files = (
				9A5D446029C8E6F400A8F844 /* ViewController.swift in Sources */,
				9A5D445C29C8E6F400A8F844 /* AppDelegate.swift in Sources */,
				9A5D445E29C8E6F400A8F844 /* SceneDelegate.swift in Sources */,
			);
			runOnlyForDeploymentPostprocessing = 0;
		};
/* End PBXSourcesBuildPhase section */

/* Begin PBXVariantGroup section */
		9A5D446129C8E6F400A8F844 /* Main.storyboard */ = {
			isa = PBXVariantGroup;
			children = (
				9A5D446229C8E6F400A8F844 /* Base */,
			);
			name = Main.storyboard;
			sourceTree = "<group>";
		};
		9A5D446629C8E6F500A8F844 /* LaunchScreen.storyboard */ = {
			isa = PBXVariantGroup;
			children = (
				9A5D446729C8E6F500A8F844 /* Base */,
			);
			name = LaunchScreen.storyboard;
			sourceTree = "<group>";
		};
/* End PBXVariantGroup section */

/* Begin XCBuildConfiguration section */
		9A5D446A29C8E6F500A8F844 /* Debug */ = {
			isa = XCBuildConfiguration;
			buildSettings = {
				ALWAYS_SEARCH_USER_PATHS = NO;
				CLANG_ANALYZER_NONNULL = YES;
				CLANG_ANALYZER_NUMBER_OBJECT_CONVERSION = YES_AGGRESSIVE;
				CLANG_CXX_LANGUAGE_STANDARD = "gnu++20";
				CLANG_ENABLE_MODULES = YES;
				CLANG_ENABLE_OBJC_ARC = YES;
				CLANG_ENABLE_OBJC_WEAK = YES;
				CLANG_WARN_BLOCK_CAPTURE_AUTORELEASING = YES;
				CLANG_WARN_BOOL_CONVERSION = YES;
				CLANG_WARN_COMMA = YES;
				CLANG_WARN_CONSTANT_CONVERSION = YES;
				CLANG_WARN_DEPRECATED_OBJC_IMPLEMENTATIONS = YES;
				CLANG_WARN_DIRECT_OBJC_ISA_USAGE = YES_ERROR;
				CLANG_WARN_DOCUMENTATION_COMMENTS = YES;
				CLANG_WARN_EMPTY_BODY = YES;
				CLANG_WARN_ENUM_CONVERSION = YES;
				CLANG_WARN_INFINITE_RECURSION = YES;
				CLANG_WARN_INT_CONVERSION = YES;
				CLANG_WARN_NON_LITERAL_NULL_CONVERSION = YES;
				CLANG_WARN_OBJC_IMPLICIT_RETAIN_SELF = YES;
				CLANG_WARN_OBJC_LITERAL_CONVERSION = YES;
				CLANG_WARN_OBJC_ROOT_CLASS = YES_ERROR;
				CLANG_WARN_QUOTED_INCLUDE_IN_FRAMEWORK_HEADER = YES;
				CLANG_WARN_RANGE_LOOP_ANALYSIS = YES;
				CLANG_WARN_STRICT_PROTOTYPES = YES;
				CLANG_WARN_SUSPICIOUS_MOVE = YES;
				CLANG_WARN_UNGUARDED_AVAILABILITY = YES_AGGRESSIVE;
				CLANG_WARN_UNREACHABLE_CODE = YES;
				CLANG_WARN__DUPLICATE_METHOD_MATCH = YES;
				COPY_PHASE_STRIP = NO;
				DEBUG_INFORMATION_FORMAT = dwarf;
				ENABLE_STRICT_OBJC_MSGSEND = YES;
				ENABLE_TESTABILITY = YES;
				GCC_C_LANGUAGE_STANDARD = gnu11;
				GCC_DYNAMIC_NO_PIC = NO;
				GCC_NO_COMMON_BLOCKS = YES;
				GCC_OPTIMIZATION_LEVEL = 0;
				GCC_PREPROCESSOR_DEFINITIONS = (
					"DEBUG=1",
					"$(inherited)",
				);
				GCC_WARN_64_TO_32_BIT_CONVERSION = YES;
				GCC_WARN_ABOUT_RETURN_TYPE = YES_ERROR;
				GCC_WARN_UNDECLARED_SELECTOR = YES;
				GCC_WARN_UNINITIALIZED_AUTOS = YES_AGGRESSIVE;
				GCC_WARN_UNUSED_FUNCTION = YES;
				GCC_WARN_UNUSED_VARIABLE = YES;
				IPHONEOS_DEPLOYMENT_TARGET = 16.2;
				MTL_ENABLE_DEBUG_INFO = INCLUDE_SOURCE;
				MTL_FAST_MATH = YES;
				ONLY_ACTIVE_ARCH = YES;
				SDKROOT = iphoneos;
				SWIFT_ACTIVE_COMPILATION_CONDITIONS = DEBUG;
				SWIFT_OPTIMIZATION_LEVEL = "-Onone";
			};
			name = Debug;
		};
		9A5D446B29C8E6F500A8F844 /* Release */ = {
			isa = XCBuildConfiguration;
			buildSettings = {
				ALWAYS_SEARCH_USER_PATHS = NO;
				CLANG_ANALYZER_NONNULL = YES;
				CLANG_ANALYZER_NUMBER_OBJECT_CONVERSION = YES_AGGRESSIVE;
				CLANG_CXX_LANGUAGE_STANDARD = "gnu++20";
				CLANG_ENABLE_MODULES = YES;
				CLANG_ENABLE_OBJC_ARC = YES;
				CLANG_ENABLE_OBJC_WEAK = YES;
				CLANG_WARN_BLOCK_CAPTURE_AUTORELEASING = YES;
				CLANG_WARN_BOOL_CONVERSION = YES;
				CLANG_WARN_COMMA = YES;
				CLANG_WARN_CONSTANT_CONVERSION = YES;
				CLANG_WARN_DEPRECATED_OBJC_IMPLEMENTATIONS = YES;
				CLANG_WARN_DIRECT_OBJC_ISA_USAGE = YES_ERROR;
				CLANG_WARN_DOCUMENTATION_COMMENTS = YES;
				CLANG_WARN_EMPTY_BODY = YES;
				CLANG_WARN_ENUM_CONVERSION = YES;
				CLANG_WARN_INFINITE_RECURSION = YES;
				CLANG_WARN_INT_CONVERSION = YES;
				CLANG_WARN_NON_LITERAL_NULL_CONVERSION = YES;
				CLANG_WARN_OBJC_IMPLICIT_RETAIN_SELF = YES;
				CLANG_WARN_OBJC_LITERAL_CONVERSION = YES;
				CLANG_WARN_OBJC_ROOT_CLASS = YES_ERROR;
				CLANG_WARN_QUOTED_INCLUDE_IN_FRAMEWORK_HEADER = YES;
				CLANG_WARN_RANGE_LOOP_ANALYSIS = YES;
				CLANG_WARN_STRICT_PROTOTYPES = YES;
				CLANG_WARN_SUSPICIOUS_MOVE = YES;
				CLANG_WARN_UNGUARDED_AVAILABILITY = YES_AGGRESSIVE;
				CLANG_WARN_UNREACHABLE_CODE = YES;
				CLANG_WARN__DUPLICATE_METHOD_MATCH = YES;
				COPY_PHASE_STRIP = NO;
				DEBUG_INFORMATION_FORMAT = "dwarf-with-dsym";
				ENABLE_NS_ASSERTIONS = NO;
				ENABLE_STRICT_OBJC_MSGSEND = YES;
				GCC_C_LANGUAGE_STANDARD = gnu11;
				GCC_NO_COMMON_BLOCKS = YES;
				GCC_WARN_64_TO_32_BIT_CONVERSION = YES;
				GCC_WARN_ABOUT_RETURN_TYPE = YES_ERROR;
				GCC_WARN_UNDECLARED_SELECTOR = YES;
				GCC_WARN_UNINITIALIZED_AUTOS = YES_AGGRESSIVE;
				GCC_WARN_UNUSED_FUNCTION = YES;
				GCC_WARN_UNUSED_VARIABLE = YES;
				IPHONEOS_DEPLOYMENT_TARGET = 16.2;
				MTL_ENABLE_DEBUG_INFO = NO;
				MTL_FAST_MATH = YES;
				SDKROOT = iphoneos;
				SWIFT_COMPILATION_MODE = wholemodule;
				SWIFT_OPTIMIZATION_LEVEL = "-O";
				VALIDATE_PRODUCT = YES;
			};
			name = Release;
		};
		9A5D446D29C8E6F500A8F844 /* Debug */ = {
			isa = XCBuildConfiguration;
			baseConfigurationReference = B09F945D636A67FE047EB11C /* Pods-5homework3m.debug.xcconfig */;
			buildSettings = {
				ASSETCATALOG_COMPILER_APPICON_NAME = AppIcon;
				ASSETCATALOG_COMPILER_GLOBAL_ACCENT_COLOR_NAME = AccentColor;
				CODE_SIGN_STYLE = Automatic;
				CURRENT_PROJECT_VERSION = 1;
				DEVELOPMENT_TEAM = S24JM78SDV;
				GENERATE_INFOPLIST_FILE = YES;
				INFOPLIST_FILE = 5homework3m/Info.plist;
				INFOPLIST_KEY_UIApplicationSupportsIndirectInputEvents = YES;
				INFOPLIST_KEY_UILaunchStoryboardName = LaunchScreen;
				INFOPLIST_KEY_UIMainStoryboardFile = Main;
				INFOPLIST_KEY_UISupportedInterfaceOrientations_iPad = "UIInterfaceOrientationPortrait UIInterfaceOrientationPortraitUpsideDown UIInterfaceOrientationLandscapeLeft UIInterfaceOrientationLandscapeRight";
				INFOPLIST_KEY_UISupportedInterfaceOrientations_iPhone = "UIInterfaceOrientationPortrait UIInterfaceOrientationLandscapeLeft UIInterfaceOrientationLandscapeRight";
				LD_RUNPATH_SEARCH_PATHS = (
					"$(inherited)",
					"@executable_path/Frameworks",
				);
				MARKETING_VERSION = 1.0;
				PRODUCT_BUNDLE_IDENTIFIER = "mavlyuda.-homework3m";
				PRODUCT_NAME = "$(TARGET_NAME)";
				SWIFT_EMIT_LOC_STRINGS = YES;
				SWIFT_VERSION = 5.0;
				TARGETED_DEVICE_FAMILY = "1,2";
			};
			name = Debug;
		};
		9A5D446E29C8E6F500A8F844 /* Release */ = {
			isa = XCBuildConfiguration;
			baseConfigurationReference = 7D72FDA4A38036ECA68EACFE /* Pods-5homework3m.release.xcconfig */;
			buildSettings = {
				ASSETCATALOG_COMPILER_APPICON_NAME = AppIcon;
				ASSETCATALOG_COMPILER_GLOBAL_ACCENT_COLOR_NAME = AccentColor;
				CODE_SIGN_STYLE = Automatic;
				CURRENT_PROJECT_VERSION = 1;
				DEVELOPMENT_TEAM = S24JM78SDV;
				GENERATE_INFOPLIST_FILE = YES;
				INFOPLIST_FILE = 5homework3m/Info.plist;
				INFOPLIST_KEY_UIApplicationSupportsIndirectInputEvents = YES;
				INFOPLIST_KEY_UILaunchStoryboardName = LaunchScreen;
				INFOPLIST_KEY_UIMainStoryboardFile = Main;
				INFOPLIST_KEY_UISupportedInterfaceOrientations_iPad = "UIInterfaceOrientationPortrait UIInterfaceOrientationPortraitUpsideDown UIInterfaceOrientationLandscapeLeft UIInterfaceOrientationLandscapeRight";
				INFOPLIST_KEY_UISupportedInterfaceOrientations_iPhone = "UIInterfaceOrientationPortrait UIInterfaceOrientationLandscapeLeft UIInterfaceOrientationLandscapeRight";
				LD_RUNPATH_SEARCH_PATHS = (
					"$(inherited)",
					"@executable_path/Frameworks",
				);
				MARKETING_VERSION = 1.0;
				PRODUCT_BUNDLE_IDENTIFIER = "mavlyuda.-homework3m";
				PRODUCT_NAME = "$(TARGET_NAME)";
				SWIFT_EMIT_LOC_STRINGS = YES;
				SWIFT_VERSION = 5.0;
				TARGETED_DEVICE_FAMILY = "1,2";
			};
			name = Release;
		};
/* End XCBuildConfiguration section */

/* Begin XCConfigurationList section */
		9A5D445329C8E6F400A8F844 /* Build configuration list for PBXProject "5homework3m" */ = {
			isa = XCConfigurationList;
			buildConfigurations = (
				9A5D446A29C8E6F500A8F844 /* Debug */,
				9A5D446B29C8E6F500A8F844 /* Release */,
			);
			defaultConfigurationIsVisible = 0;
			defaultConfigurationName = Release;
		};
		9A5D446C29C8E6F500A8F844 /* Build configuration list for PBXNativeTarget "5homework3m" */ = {
			isa = XCConfigurationList;
			buildConfigurations = (
				9A5D446D29C8E6F500A8F844 /* Debug */,
				9A5D446E29C8E6F500A8F844 /* Release */,
			);
			defaultConfigurationIsVisible = 0;
			defaultConfigurationName = Release;
		};
/* End XCConfigurationList section */
	};
	rootObject = 9A5D445029C8E6F400A8F844 /* Project object */;
}
